PODS:
  - AvoidCrash (2.5.2)
  - FBRetainCycleDetector (0.1.4)
  - MLeaksFinder (1.0.0):
    - FBRetainCycleDetector

DEPENDENCIES:
  - AvoidCrash (~> 2.5.2)
  - MLeaksFinder

SPEC REPOS:
  https://github.com/cocoapods/specs.git:
    - AvoidCrash
    - FBRetainCycleDetector
    - MLeaksFinder

SPEC CHECKSUMS:
  AvoidCrash: 28c6916fe19bd2b84126b8dec7cbe61c9a12741d
  FBRetainCycleDetector: 46f8179bbb1c587deee3ea838a1a3ee02acf5015
  MLeaksFinder: 8c435bd2f6d070af18cff082b503b21adc130fc0

PODFILE CHECKSUM: 25ba10a5b630119274d87cf3a43cc32f6468a3d5

COCOAPODS: 1.5.3
